// !$*UTF8*$!
{
	archiveVersion = 1;
	classes = {
	};
	objectVersion = 46;
	objects = {

/* Begin PBXBuildFile section */
		FF805C3B1A7E25F700ED9F09 /* AppDelegate.swift in Sources */ = {isa = PBXBuildFile; fileRef = FF805C3A1A7E25F700ED9F09 /* AppDelegate.swift */; };
		FF805C3D1A7E25F700ED9F09 /* ViewController.swift in Sources */ = {isa = PBXBuildFile; fileRef = FF805C3C1A7E25F700ED9F09 /* ViewController.swift */; };
		FF805C401A7E25F700ED9F09 /* Main.storyboard in Resources */ = {isa = PBXBuildFile; fileRef = FF805C3E1A7E25F700ED9F09 /* Main.storyboard */; };
		FF805C421A7E25F700ED9F09 /* Images.xcassets in Resources */ = {isa = PBXBuildFile; fileRef = FF805C411A7E25F700ED9F09 /* Images.xcassets */; };
		FF805C451A7E25F700ED9F09 /* LaunchScreen.xib in Resources */ = {isa = PBXBuildFile; fileRef = FF805C431A7E25F700ED9F09 /* LaunchScreen.xib */; };
		FF805C511A7E25F700ED9F09 /* HollowedUIViewSampleTests.swift in Sources */ = {isa = PBXBuildFile; fileRef = FF805C501A7E25F700ED9F09 /* HollowedUIViewSampleTests.swift */; };
		FF805C5B1A7E261400ED9F09 /* HollowView.swift in Sources */ = {isa = PBXBuildFile; fileRef = FF805C5A1A7E261400ED9F09 /* HollowView.swift */; };
/* End PBXBuildFile section */

/* Begin PBXContainerItemProxy section */
		FF805C4B1A7E25F700ED9F09 /* PBXContainerItemProxy */ = {
			isa = PBXContainerItemProxy;
			containerPortal = FF805C2D1A7E25F700ED9F09 /* Project object */;
			proxyType = 1;
			remoteGlobalIDString = FF805C341A7E25F700ED9F09;
			remoteInfo = HollowedUIViewSample;
		};
/* End PBXContainerItemProxy section */

/* Begin PBXFileReference section */
		FF805C351A7E25F700ED9F09 /* HollowedUIViewSample.app */ = {isa = PBXFileReference; explicitFileType = wrapper.application; includeInIndex = 0; path = HollowedUIViewSample.app; sourceTree = BUILT_PRODUCTS_DIR; };
		FF805C391A7E25F700ED9F09 /* Info.plist */ = {isa = PBXFileReference; lastKnownFileType = text.plist.xml; path = Info.plist; sourceTree = "<group>"; };
		FF805C3A1A7E25F700ED9F09 /* AppDelegate.swift */ = {isa = PBXFileReference; lastKnownFileType = sourcecode.swift; path = AppDelegate.swift; sourceTree = "<group>"; };
		FF805C3C1A7E25F700ED9F09 /* ViewController.swift */ = {isa = PBXFileReference; lastKnownFileType = sourcecode.swift; path = ViewController.swift; sourceTree = "<group>"; };
		FF805C3F1A7E25F700ED9F09 /* Base */ = {isa = PBXFileReference; lastKnownFileType = file.storyboard; name = Base; path = Base.lproj/Main.storyboard; sourceTree = "<group>"; };
		FF805C411A7E25F700ED9F09 /* Images.xcassets */ = {isa = PBXFileReference; lastKnownFileType = folder.assetcatalog; path = Images.xcassets; sourceTree = "<group>"; };
		FF805C441A7E25F700ED9F09 /* Base */ = {isa = PBXFileReference; lastKnownFileType = file.xib; name = Base; path = Base.lproj/LaunchScreen.xib; sourceTree = "<group>"; };
		FF805C4A1A7E25F700ED9F09 /* HollowedUIViewSampleTests.xctest */ = {isa = PBXFileReference; explicitFileType = wrapper.cfbundle; includeInIndex = 0; path = HollowedUIViewSampleTests.xctest; sourceTree = BUILT_PRODUCTS_DIR; };
		FF805C4F1A7E25F700ED9F09 /* Info.plist */ = {isa = PBXFileReference; lastKnownFileType = text.plist.xml; path = Info.plist; sourceTree = "<group>"; };
		FF805C501A7E25F700ED9F09 /* HollowedUIViewSampleTests.swift */ = {isa = PBXFileReference; lastKnownFileType = sourcecode.swift; path = HollowedUIViewSampleTests.swift; sourceTree = "<group>"; };
		FF805C5A1A7E261400ED9F09 /* HollowView.swift */ = {isa = PBXFileReference; fileEncoding = 4; lastKnownFileType = sourcecode.swift; path = HollowView.swift; sourceTree = "<group>"; };
/* End PBXFileReference section */

/* Begin PBXFrameworksBuildPhase section */
		FF805C321A7E25F700ED9F09 /* Frameworks */ = {
			isa = PBXFrameworksBuildPhase;
			buildActionMask = 2147483647;
			files = (
			);
			runOnlyForDeploymentPostprocessing = 0;
		};
		FF805C471A7E25F700ED9F09 /* Frameworks */ = {
			isa = PBXFrameworksBuildPhase;
			buildActionMask = 2147483647;
			files = (
			);
			runOnlyForDeploymentPostprocessing = 0;
		};
/* End PBXFrameworksBuildPhase section */

/* Begin PBXGroup section */
		FF805C2C1A7E25F700ED9F09 = {
			isa = PBXGroup;
			children = (
				FF805C371A7E25F700ED9F09 /* HollowedUIViewSample */,
				FF805C4D1A7E25F700ED9F09 /* HollowedUIViewSampleTests */,
				FF805C361A7E25F700ED9F09 /* Products */,
			);
			sourceTree = "<group>";
		};
		FF805C361A7E25F700ED9F09 /* Products */ = {
			isa = PBXGroup;
			children = (
				FF805C351A7E25F700ED9F09 /* HollowedUIViewSample.app */,
				FF805C4A1A7E25F700ED9F09 /* HollowedUIViewSampleTests.xctest */,
			);
			name = Products;
			sourceTree = "<group>";
		};
		FF805C371A7E25F700ED9F09 /* HollowedUIViewSample */ = {
			isa = PBXGroup;
			children = (
				FF805C3A1A7E25F700ED9F09 /* AppDelegate.swift */,
				FF805C3C1A7E25F700ED9F09 /* ViewController.swift */,
				FF805C3E1A7E25F700ED9F09 /* Main.storyboard */,
				FF805C411A7E25F700ED9F09 /* Images.xcassets */,
				FF805C431A7E25F700ED9F09 /* LaunchScreen.xib */,
				FF805C381A7E25F700ED9F09 /* Supporting Files */,
				FF805C5A1A7E261400ED9F09 /* HollowView.swift */,
			);
			path = HollowedUIViewSample;
			sourceTree = "<group>";
		};
		FF805C381A7E25F700ED9F09 /* Supporting Files */ = {
			isa = PBXGroup;
			children = (
				FF805C391A7E25F700ED9F09 /* Info.plist */,
			);
			name = "Supporting Files";
			sourceTree = "<group>";
		};
		FF805C4D1A7E25F700ED9F09 /* HollowedUIViewSampleTests */ = {
			isa = PBXGroup;
			children = (
				FF805C501A7E25F700ED9F09 /* HollowedUIViewSampleTests.swift */,
				FF805C4E1A7E25F700ED9F09 /* Supporting Files */,
			);
			path = HollowedUIViewSampleTests;
			sourceTree = "<group>";
		};
		FF805C4E1A7E25F700ED9F09 /* Supporting Files */ = {
			isa = PBXGroup;
			children = (
				FF805C4F1A7E25F700ED9F09 /* Info.plist */,
			);
			name = "Supporting Files";
			sourceTree = "<group>";
		};
/* End PBXGroup section */

/* Begin PBXNativeTarget section */
		FF805C341A7E25F700ED9F09 /* HollowedUIViewSample */ = {
			isa = PBXNativeTarget;
			buildConfigurationList = FF805C541A7E25F700ED9F09 /* Build configuration list for PBXNativeTarget "HollowedUIViewSample" */;
			buildPhases = (
				FF805C311A7E25F700ED9F09 /* Sources */,
				FF805C321A7E25F700ED9F09 /* Frameworks */,
				FF805C331A7E25F700ED9F09 /* Resources */,
			);
			buildRules = (
			);
			dependencies = (
			);
			name = HollowedUIViewSample;
			productName = HollowedUIViewSample;
			productReference = FF805C351A7E25F700ED9F09 /* HollowedUIViewSample.app */;
			productType = "com.apple.product-type.application";
		};
		FF805C491A7E25F700ED9F09 /* HollowedUIViewSampleTests */ = {
			isa = PBXNativeTarget;
			buildConfigurationList = FF805C571A7E25F700ED9F09 /* Build configuration list for PBXNativeTarget "HollowedUIViewSampleTests" */;
			buildPhases = (
				FF805C461A7E25F700ED9F09 /* Sources */,
				FF805C471A7E25F700ED9F09 /* Frameworks */,
				FF805C481A7E25F700ED9F09 /* Resources */,
			);
			buildRules = (
			);
			dependencies = (
				FF805C4C1A7E25F700ED9F09 /* PBXTargetDependency */,
			);
			name = HollowedUIViewSampleTests;
			productName = HollowedUIViewSampleTests;
			productReference = FF805C4A1A7E25F700ED9F09 /* HollowedUIViewSampleTests.xctest */;
			productType = "com.apple.product-type.bundle.unit-test";
		};
/* End PBXNativeTarget section */

/* Begin PBXProject section */
		FF805C2D1A7E25F700ED9F09 /* Project object */ = {
			isa = PBXProject;
			attributes = {
				LastUpgradeCheck = 0610;
				ORGANIZATIONNAME = molabo;
				TargetAttributes = {
					FF805C341A7E25F700ED9F09 = {
						CreatedOnToolsVersion = 6.1.1;
					};
					FF805C491A7E25F700ED9F09 = {
						CreatedOnToolsVersion = 6.1.1;
						TestTargetID = FF805C341A7E25F700ED9F09;
					};
				};
			};
			buildConfigurationList = FF805C301A7E25F700ED9F09 /* Build configuration list for PBXProject "HollowedUIViewSample" */;
			compatibilityVersion = "Xcode 3.2";
			developmentRegion = English;
			hasScannedForEncodings = 0;
			knownRegions = (
				en,
				Base,
			);
			mainGroup = FF805C2C1A7E25F700ED9F09;
			productRefGroup = FF805C361A7E25F700ED9F09 /* Products */;
			projectDirPath = "";
			projectRoot = "";
			targets = (
				FF805C341A7E25F700ED9F09 /* HollowedUIViewSample */,
				FF805C491A7E25F700ED9F09 /* HollowedUIViewSampleTests */,
			);
		};
/* End PBXProject section */

/* Begin PBXResourcesBuildPhase section */
		FF805C331A7E25F700ED9F09 /* Resources */ = {
			isa = PBXResourcesBuildPhase;
			buildActionMask = 2147483647;
			files = (
				FF805C401A7E25F700ED9F09 /* Main.storyboard in Resources */,
				FF805C451A7E25F700ED9F09 /* LaunchScreen.xib in Resources */,
				FF805C421A7E25F700ED9F09 /* Images.xcassets in Resources */,
			);
			runOnlyForDeploymentPostprocessing = 0;
		};
		FF805C481A7E25F700ED9F09 /* Resources */ = {
			isa = PBXResourcesBuildPhase;
			buildActionMask = 2147483647;
			files = (
			);
			runOnlyForDeploymentPostprocessing = 0;
		};
/* End PBXResourcesBuildPhase section */

/* Begin PBXSourcesBuildPhase section */
		FF805C311A7E25F700ED9F09 /* Sources */ = {
			isa = PBXSourcesBuildPhase;
			buildActionMask = 2147483647;
			files = (
				FF805C3D1A7E25F700ED9F09 /* ViewController.swift in Sources */,
				FF805C3B1A7E25F700ED9F09 /* AppDelegate.swift in Sources */,
				FF805C5B1A7E261400ED9F09 /* HollowView.swift in Sources */,
			);
			runOnlyForDeploymentPostprocessing = 0;
		};
		FF805C461A7E25F700ED9F09 /* Sources */ = {
			isa = PBXSourcesBuildPhase;
			buildActionMask = 2147483647;
			files = (
				FF805C511A7E25F700ED9F09 /* HollowedUIViewSampleTests.swift in Sources */,
			);
			runOnlyForDeploymentPostprocessing = 0;
		};
/* End PBXSourcesBuildPhase section */

/* Begin PBXTargetDependency section */
		FF805C4C1A7E25F700ED9F09 /* PBXTargetDependency */ = {
			isa = PBXTargetDependency;
			target = FF805C341A7E25F700ED9F09 /* HollowedUIViewSample */;
			targetProxy = FF805C4B1A7E25F700ED9F09 /* PBXContainerItemProxy */;
		};
/* End PBXTargetDependency section */

/* Begin PBXVariantGroup section */
		FF805C3E1A7E25F700ED9F09 /* Main.storyboard */ = {
			isa = PBXVariantGroup;
			children = (
				FF805C3F1A7E25F700ED9F09 /* Base */,
			);
			name = Main.storyboard;
			sourceTree = "<group>";
		};
		FF805C431A7E25F700ED9F09 /* LaunchScreen.xib */ = {
			isa = PBXVariantGroup;
			children = (
				FF805C441A7E25F700ED9F09 /* Base */,
			);
			name = LaunchScreen.xib;
			sourceTree = "<group>";
		};
/* End PBXVariantGroup section */

/* Begin XCBuildConfiguration section */
		FF805C521A7E25F700ED9F09 /* Debug */ = {
			isa = XCBuildConfiguration;
			buildSettings = {
				ALWAYS_SEARCH_USER_PATHS = NO;
				CLANG_CXX_LANGUAGE_STANDARD = "gnu++0x";
				CLANG_CXX_LIBRARY = "libc++";
				CLANG_ENABLE_MODULES = YES;
				CLANG_ENABLE_OBJC_ARC = YES;
				CLANG_WARN_BOOL_CONVERSION = YES;
				CLANG_WARN_CONSTANT_CONVERSION = YES;
				CLANG_WARN_DIRECT_OBJC_ISA_USAGE = YES_ERROR;
				CLANG_WARN_EMPTY_BODY = YES;
				CLANG_WARN_ENUM_CONVERSION = YES;
				CLANG_WARN_INT_CONVERSION = YES;
				CLANG_WARN_OBJC_ROOT_CLASS = YES_ERROR;
				CLANG_WARN_UNREACHABLE_CODE = YES;
				CLANG_WARN__DUPLICATE_METHOD_MATCH = YES;
				"CODE_SIGN_IDENTITY[sdk=iphoneos*]" = "iPhone Developer";
				COPY_PHASE_STRIP = NO;
				ENABLE_STRICT_OBJC_MSGSEND = YES;
				GCC_C_LANGUAGE_STANDARD = gnu99;
				GCC_DYNAMIC_NO_PIC = NO;
				GCC_OPTIMIZATION_LEVEL = 0;
				GCC_PREPROCESSOR_DEFINITIONS = (
					"DEBUG=1",
					"$(inherited)",
				);
				GCC_SYMBOLS_PRIVATE_EXTERN = NO;
				GCC_WARN_64_TO_32_BIT_CONVERSION = YES;
				GCC_WARN_ABOUT_RETURN_TYPE = YES_ERROR;
				GCC_WARN_UNDECLARED_SELECTOR = YES;
				GCC_WARN_UNINITIALIZED_AUTOS = YES_AGGRESSIVE;
				GCC_WARN_UNUSED_FUNCTION = YES;
				GCC_WARN_UNUSED_VARIABLE = YES;
				IPHONEOS_DEPLOYMENT_TARGET = 8.1;
				MTL_ENABLE_DEBUG_INFO = YES;
				ONLY_ACTIVE_ARCH = YES;
				SDKROOT = iphoneos;
				SWIFT_OPTIMIZATION_LEVEL = "-Onone";
				TARGETED_DEVICE_FAMILY = "1,2";
			};
			name = Debug;
		};
		FF805C531A7E25F700ED9F09 /* Release */ = {
			isa = XCBuildConfiguration;
			buildSettings = {
				ALWAYS_SEARCH_USER_PATHS = NO;
				CLANG_CXX_LANGUAGE_STANDARD = "gnu++0x";
				CLANG_CXX_LIBRARY = "libc++";
				CLANG_ENABLE_MODULES = YES;
				CLANG_ENABLE_OBJC_ARC = YES;
				CLANG_WARN_BOOL_CONVERSION = YES;
				CLANG_WARN_CONSTANT_CONVERSION = YES;
				CLANG_WARN_DIRECT_OBJC_ISA_USAGE = YES_ERROR;
				CLANG_WARN_EMPTY_BODY = YES;
				CLANG_WARN_ENUM_CONVERSION = YES;
				CLANG_WARN_INT_CONVERSION = YES;
				CLANG_WARN_OBJC_ROOT_CLASS = YES_ERROR;
				CLANG_WARN_UNREACHABLE_CODE = YES;
				CLANG_WARN__DUPLICATE_METHOD_MATCH = YES;
				"CODE_SIGN_IDENTITY[sdk=iphoneos*]" = "iPhone Developer";
				COPY_PHASE_STRIP = YES;
				ENABLE_NS_ASSERTIONS = NO;
				ENABLE_STRICT_OBJC_MSGSEND = YES;
				GCC_C_LANGUAGE_STANDARD = gnu99;
				GCC_WARN_64_TO_32_BIT_CONVERSION = YES;
				GCC_WARN_ABOUT_RETURN_TYPE = YES_ERROR;
				GCC_WARN_UNDECLARED_SELECTOR = YES;
				GCC_WARN_UNINITIALIZED_AUTOS = YES_AGGRESSIVE;
				GCC_WARN_UNUSED_FUNCTION = YES;
				GCC_WARN_UNUSED_VARIABLE = YES;
				IPHONEOS_DEPLOYMENT_TARGET = 8.1;
				MTL_ENABLE_DEBUG_INFO = NO;
				SDKROOT = iphoneos;
				TARGETED_DEVICE_FAMILY = "1,2";
				VALIDATE_PRODUCT = YES;
			};
			name = Release;
		};
		FF805C551A7E25F700ED9F09 /* Debug */ = {
			isa = XCBuildConfiguration;
			buildSettings = {
				ASSETCATALOG_COMPILER_APPICON_NAME = AppIcon;
				INFOPLIST_FILE = HollowedUIViewSample/Info.plist;
				LD_RUNPATH_SEARCH_PATHS = "$(inherited) @executable_path/Frameworks";
				PRODUCT_NAME = "$(TARGET_NAME)";
			};
			name = Debug;
		};
		FF805C561A7E25F700ED9F09 /* Release */ = {
			isa = XCBuildConfiguration;
			buildSettings = {
				ASSETCATALOG_COMPILER_APPICON_NAME = AppIcon;
				INFOPLIST_FILE = HollowedUIViewSample/Info.plist;
				LD_RUNPATH_SEARCH_PATHS = "$(inherited) @executable_path/Frameworks";
				PRODUCT_NAME = "$(TARGET_NAME)";
			};
			name = Release;
		};
		FF805C581A7E25F700ED9F09 /* Debug */ = {
			isa = XCBuildConfiguration;
			buildSettings = {
				BUNDLE_LOADER = "$(TEST_HOST)";
				FRAMEWORK_SEARCH_PATHS = (
					"$(SDKROOT)/Developer/Library/Frameworks",
					"$(inherited)",
				);
				GCC_PREPROCESSOR_DEFINITIONS = (
					"DEBUG=1",
					"$(inherited)",
				);
				INFOPLIST_FILE = HollowedUIViewSampleTests/Info.plist;
				LD_RUNPATH_SEARCH_PATHS = "$(inherited) @executable_path/Frameworks @loader_path/Frameworks";
				PRODUCT_NAME = "$(TARGET_NAME)";
				TEST_HOST = "$(BUILT_PRODUCTS_DIR)/HollowedUIViewSample.app/HollowedUIViewSample";
			};
			name = Debug;
		};
		FF805C591A7E25F700ED9F09 /* Release */ = {
			isa = XCBuildConfiguration;
			buildSettings = {
				BUNDLE_LOADER = "$(TEST_HOST)";
				FRAMEWORK_SEARCH_PATHS = (
					"$(SDKROOT)/Developer/Library/Frameworks",
					"$(inherited)",
				);
				INFOPLIST_FILE = HollowedUIViewSampleTests/Info.plist;
				LD_RUNPATH_SEARCH_PATHS = "$(inherited) @executable_path/Frameworks @loader_path/Frameworks";
				PRODUCT_NAME = "$(TARGET_NAME)";
				TEST_HOST = "$(BUILT_PRODUCTS_DIR)/HollowedUIViewSample.app/HollowedUIViewSample";
			};
			name = Release;
		};
/* End XCBuildConfiguration section */

/* Begin XCConfigurationList section */
		FF805C301A7E25F700ED9F09 /* Build configuration list for PBXProject "HollowedUIViewSample" */ = {
			isa = XCConfigurationList;
			buildConfigurations = (
				FF805C521A7E25F700ED9F09 /* Debug */,
				FF805C531A7E25F700ED9F09 /* Release */,
			);
			defaultConfigurationIsVisible = 0;
			defaultConfigurationName = Release;
		};
		FF805C541A7E25F700ED9F09 /* Build configuration list for PBXNativeTarget "HollowedUIViewSample" */ = {
			isa = XCConfigurationList;
			buildConfigurations = (
				FF805C551A7E25F700ED9F09 /* Debug */,
				FF805C561A7E25F700ED9F09 /* Release */,
			);
			defaultConfigurationIsVisible = 0;
		};
		FF805C571A7E25F700ED9F09 /* Build configuration list for PBXNativeTarget "HollowedUIViewSampleTests" */ = {
			isa = XCConfigurationList;
			buildConfigurations = (
				FF805C581A7E25F700ED9F09 /* Debug */,
				FF805C591A7E25F700ED9F09 /* Release */,
			);
			defaultConfigurationIsVisible = 0;
		};
/* End XCConfigurationList section */
	};
	rootObject = FF805C2D1A7E25F700ED9F09 /* Project object */;
}
